Microsoft Visual Studio Solution File, Format Version 12.00
# Visual Studio Version 17
VisualStudioVersion = 17.5.2.0
MinimumVisualStudioVersion = 10.0.40219.1
Project("{FAE04EC0-301F-11D3-BF4B-00C04F79EFBC}") = "Angela", "Angela.csproj", "{6ADEB3B7-9008-4658-8F2A-68A625F69127}"
EndProject
Project("{2150E333-8FDC-42A3-9474-1A3956D46DE8}") = ".claude", ".claude", "{0AE7C77C-1A1D-D779-8C60-7AB6E4421D01}"
EndProject
Project("{2150E333-8FDC-42A3-9474-1A3956D46DE8}") = "worktrees", "worktrees", "{79802797-6956-8DCE-3D78-6FFCDB44B84D}"
EndProject
Project("{2150E333-8FDC-42A3-9474-1A3956D46DE8}") = "gallant-dijkstra", "gallant-dijkstra", "{65FCEE4D-10BD-313E-C8F7-491CA1075982}"
EndProject
Project("{FAE04EC0-301F-11D3-BF4B-00C04F79EFBC}") = "Angela", ".claude\worktrees\gallant-dijkstra\Angela.csproj", "{181F6FFB-5758-C798-0DF1-2F2D90C8F483}"
EndProject
Global
	GlobalSection(SolutionConfigurationPlatforms) = preSolution
		Debug|Any CPU = Debug|Any CPU
		Release|Any CPU = Release|Any CPU
	EndGlobalSection
	GlobalSection(ProjectConfigurationPlatforms) = postSolution
		{6ADEB3B7-9008-4658-8F2A-68A625F69127}.Debug|Any CPU.ActiveCfg = Debug|Any CPU
		{6ADEB3B7-9008-4658-8F2A-68A625F69127}.Debug|Any CPU.Build.0 = Debug|Any CPU
		{6ADEB3B7-9008-4658-8F2A-68A625F69127}.Release|Any CPU.ActiveCfg = Release|Any CPU
		{6ADEB3B7-9008-4658-8F2A-68A625F69127}.Release|Any CPU.Build.0 = Release|Any CPU
		{181F6FFB-5758-C798-0DF1-2F2D90C8F483}.Debug|Any CPU.ActiveCfg = Debug|Any CPU
		{181F6FFB-5758-C798-0DF1-2F2D90C8F483}.Debug|Any CPU.Build.0 = Debug|Any CPU
		{181F6FFB-5758-C798-0DF1-2F2D90C8F483}.Release|Any CPU.ActiveCfg = Release|Any CPU
		{181F6FFB-5758-C798-0DF1-2F2D90C8F483}.Release|Any CPU.Build.0 = Release|Any CPU
	EndGlobalSection
	GlobalSection(SolutionProperties) = preSolution
		HideSolutionNode = FALSE
	EndGlobalSection
	GlobalSection(NestedProjects) = preSolution
		{79802797-6956-8DCE-3D78-6FFCDB44B84D} = {0AE7C77C-1A1D-D779-8C60-7AB6E4421D01}
		{65FCEE4D-10BD-313E-C8F7-491CA1075982} = {79802797-6956-8DCE-3D78-6FFCDB44B84D}
		{181F6FFB-5758-C798-0DF1-2F2D90C8F483} = {65FCEE4D-10BD-313E-C8F7-491CA1075982}
	EndGlobalSection
	GlobalSection(ExtensibilityGlobals) = postSolution
		SolutionGuid = {61062B86-59BB-43AE-AF2A-3AD3B92AD983}
	EndGlobalSection
EndGlobal
